// !$*UTF8*$!
{
	archiveVersion = 1;
	classes = {
	};
	objectVersion = 50;
	objects = {

/* Begin PBXBuildFile section */
		77BD68992165118800D4D6E6 /* AppDelegate.m in Sources */ = {isa = PBXBuildFile; fileRef = 77BD68982165118800D4D6E6 /* AppDelegate.m */; };
		77BD689C2165118800D4D6E6 /* ViewController.m in Sources */ = {isa = PBXBuildFile; fileRef = 77BD689B2165118800D4D6E6 /* ViewController.m */; };
		77BD689F2165118800D4D6E6 /* Main.storyboard in Resources */ = {isa = PBXBuildFile; fileRef = 77BD689D2165118800D4D6E6 /* Main.storyboard */; };
		77BD68A12165118A00D4D6E6 /* Assets.xcassets in Resources */ = {isa = PBXBuildFile; fileRef = 77BD68A02165118A00D4D6E6 /* Assets.xcassets */; };
		77BD68A42165118A00D4D6E6 /* LaunchScreen.storyboard in Resources */ = {isa = PBXBuildFile; fileRef = 77BD68A22165118A00D4D6E6 /* LaunchScreen.storyboard */; };
		77BD68A72165118A00D4D6E6 /* main.m in Sources */ = {isa = PBXBuildFile; fileRef = 77BD68A62165118A00D4D6E6 /* main.m */; };
		77BD68B12165118A00D4D6E6 /* BGPopuViewTests.m in Sources */ = {isa = PBXBuildFile; fileRef = 77BD68B02165118A00D4D6E6 /* BGPopuViewTests.m */; };
		77BD68BC2165118A00D4D6E6 /* BGPopuViewUITests.m in Sources */ = {isa = PBXBuildFile; fileRef = 77BD68BB2165118A00D4D6E6 /* BGPopuViewUITests.m */; };
		77BD68CB2165139B00D4D6E6 /* BGPopupView.m in Sources */ = {isa = PBXBuildFile; fileRef = 77BD68CA2165139B00D4D6E6 /* BGPopupView.m */; };
/* End PBXBuildFile section */

/* Begin PBXContainerItemProxy section */
		77BD68AD2165118A00D4D6E6 /* PBXContainerItemProxy */ = {
			isa = PBXContainerItemProxy;
			containerPortal = 77BD688C2165118800D4D6E6 /* Project object */;
			proxyType = 1;
			remoteGlobalIDString = 77BD68932165118800D4D6E6;
			remoteInfo = BGPopuView;
		};
		77BD68B82165118A00D4D6E6 /* PBXContainerItemProxy */ = {
			isa = PBXContainerItemProxy;
			containerPortal = 77BD688C2165118800D4D6E6 /* Project object */;
			proxyType = 1;
			remoteGlobalIDString = 77BD68932165118800D4D6E6;
			remoteInfo = BGPopuView;
		};
/* End PBXContainerItemProxy section */

/* Begin PBXFileReference section */
		77BD68942165118800D4D6E6 /* BGPopuView.app */ = {isa = PBXFileReference; explicitFileType = wrapper.application; includeInIndex = 0; path = BGPopuView.app; sourceTree = BUILT_PRODUCTS_DIR; };
		77BD68972165118800D4D6E6 /* AppDelegate.h */ = {isa = PBXFileReference; lastKnownFileType = sourcecode.c.h; path = AppDelegate.h; sourceTree = "<group>"; };
		77BD68982165118800D4D6E6 /* AppDelegate.m */ = {isa = PBXFileReference; lastKnownFileType = sourcecode.c.objc; path = AppDelegate.m; sourceTree = "<group>"; };
		77BD689A2165118800D4D6E6 /* ViewController.h */ = {isa = PBXFileReference; lastKnownFileType = sourcecode.c.h; path = ViewController.h; sourceTree = "<group>"; };
		77BD689B2165118800D4D6E6 /* ViewController.m */ = {isa = PBXFileReference; lastKnownFileType = sourcecode.c.objc; path = ViewController.m; sourceTree = "<group>"; };
		77BD689E2165118800D4D6E6 /* Base */ = {isa = PBXFileReference; lastKnownFileType = file.storyboard; name = Base; path = Base.lproj/Main.storyboard; sourceTree = "<group>"; };
		77BD68A02165118A00D4D6E6 /* Assets.xcassets */ = {isa = PBXFileReference; lastKnownFileType = folder.assetcatalog; path = Assets.xcassets; sourceTree = "<group>"; };
		77BD68A32165118A00D4D6E6 /* Base */ = {isa = PBXFileReference; lastKnownFileType = file.storyboard; name = Base; path = Base.lproj/LaunchScreen.storyboard; sourceTree = "<group>"; };
		77BD68A52165118A00D4D6E6 /* Info.plist */ = {isa = PBXFileReference; lastKnownFileType = text.plist.xml; path = Info.plist; sourceTree = "<group>"; };
		77BD68A62165118A00D4D6E6 /* main.m */ = {isa = PBXFileReference; lastKnownFileType = sourcecode.c.objc; path = main.m; sourceTree = "<group>"; };
		77BD68AC2165118A00D4D6E6 /* BGPopuViewTests.xctest */ = {isa = PBXFileReference; explicitFileType = wrapper.cfbundle; includeInIndex = 0; path = BGPopuViewTests.xctest; sourceTree = BUILT_PRODUCTS_DIR; };
		77BD68B02165118A00D4D6E6 /* BGPopuViewTests.m */ = {isa = PBXFileReference; lastKnownFileType = sourcecode.c.objc; path = BGPopuViewTests.m; sourceTree = "<group>"; };
		77BD68B22165118A00D4D6E6 /* Info.plist */ = {isa = PBXFileReference; lastKnownFileType = text.plist.xml; path = Info.plist; sourceTree = "<group>"; };
		77BD68B72165118A00D4D6E6 /* BGPopuViewUITests.xctest */ = {isa = PBXFileReference; explicitFileType = wrapper.cfbundle; includeInIndex = 0; path = BGPopuViewUITests.xctest; sourceTree = BUILT_PRODUCTS_DIR; };
		77BD68BB2165118A00D4D6E6 /* BGPopuViewUITests.m */ = {isa = PBXFileReference; lastKnownFileType = sourcecode.c.objc; path = BGPopuViewUITests.m; sourceTree = "<group>"; };
		77BD68BD2165118A00D4D6E6 /* Info.plist */ = {isa = PBXFileReference; lastKnownFileType = text.plist.xml; path = Info.plist; sourceTree = "<group>"; };
		77BD68C92165139A00D4D6E6 /* BGPopupView.h */ = {isa = PBXFileReference; fileEncoding = 4; lastKnownFileType = sourcecode.c.h; path = BGPopupView.h; sourceTree = "<group>"; };
		77BD68CA2165139B00D4D6E6 /* BGPopupView.m */ = {isa = PBXFileReference; fileEncoding = 4; lastKnownFileType = sourcecode.c.objc; path = BGPopupView.m; sourceTree = "<group>"; };
/* End PBXFileReference section */

/* Begin PBXFrameworksBuildPhase section */
		77BD68912165118800D4D6E6 /* Frameworks */ = {
			isa = PBXFrameworksBuildPhase;
			buildActionMask = 2147483647;
			files = (
			);
			runOnlyForDeploymentPostprocessing = 0;
		};
		77BD68A92165118A00D4D6E6 /* Frameworks */ = {
			isa = PBXFrameworksBuildPhase;
			buildActionMask = 2147483647;
			files = (
			);
			runOnlyForDeploymentPostprocessing = 0;
		};
		77BD68B42165118A00D4D6E6 /* Frameworks */ = {
			isa = PBXFrameworksBuildPhase;
			buildActionMask = 2147483647;
			files = (
			);
			runOnlyForDeploymentPostprocessing = 0;
		};
/* End PBXFrameworksBuildPhase section */

/* Begin PBXGroup section */
		77BD688B2165118800D4D6E6 = {
			isa = PBXGroup;
			children = (
				77BD68962165118800D4D6E6 /* BGPopuView */,
				77BD68AF2165118A00D4D6E6 /* BGPopuViewTests */,
				77BD68BA2165118A00D4D6E6 /* BGPopuViewUITests */,
				77BD68952165118800D4D6E6 /* Products */,
			);
			sourceTree = "<group>";
		};
		77BD68952165118800D4D6E6 /* Products */ = {
			isa = PBXGroup;
			children = (
				77BD68942165118800D4D6E6 /* BGPopuView.app */,
				77BD68AC2165118A00D4D6E6 /* BGPopuViewTests.xctest */,
				77BD68B72165118A00D4D6E6 /* BGPopuViewUITests.xctest */,
			);
			name = Products;
			sourceTree = "<group>";
		};
		77BD68962165118800D4D6E6 /* BGPopuView */ = {
			isa = PBXGroup;
			children = (
				77BD68C92165139A00D4D6E6 /* BGPopupView.h */,
				77BD68CA2165139B00D4D6E6 /* BGPopupView.m */,
				77BD68972165118800D4D6E6 /* AppDelegate.h */,
				77BD68982165118800D4D6E6 /* AppDelegate.m */,
				77BD689A2165118800D4D6E6 /* ViewController.h */,
				77BD689B2165118800D4D6E6 /* ViewController.m */,
				77BD689D2165118800D4D6E6 /* Main.storyboard */,
				77BD68A02165118A00D4D6E6 /* Assets.xcassets */,
				77BD68A22165118A00D4D6E6 /* LaunchScreen.storyboard */,
				77BD68A52165118A00D4D6E6 /* Info.plist */,
				77BD68A62165118A00D4D6E6 /* main.m */,
			);
			path = BGPopuView;
			sourceTree = "<group>";
		};
		77BD68AF2165118A00D4D6E6 /* BGPopuViewTests */ = {
			isa = PBXGroup;
			children = (
				77BD68B02165118A00D4D6E6 /* BGPopuViewTests.m */,
				77BD68B22165118A00D4D6E6 /* Info.plist */,
			);
			path = BGPopuViewTests;
			sourceTree = "<group>";
		};
		77BD68BA2165118A00D4D6E6 /* BGPopuViewUITests */ = {
			isa = PBXGroup;
			children = (
				77BD68BB2165118A00D4D6E6 /* BGPopuViewUITests.m */,
				77BD68BD2165118A00D4D6E6 /* Info.plist */,
			);
			path = BGPopuViewUITests;
			sourceTree = "<group>";
		};
/* End PBXGroup section */

/* Begin PBXNativeTarget section */
		77BD68932165118800D4D6E6 /* BGPopuView */ = {
			isa = PBXNativeTarget;
			buildConfigurationList = 77BD68C02165118A00D4D6E6 /* Build configuration list for PBXNativeTarget "BGPopuView" */;
			buildPhases = (
				77BD68902165118800D4D6E6 /* Sources */,
				77BD68912165118800D4D6E6 /* Frameworks */,
				77BD68922165118800D4D6E6 /* Resources */,
			);
			buildRules = (
			);
			dependencies = (
			);
			name = BGPopuView;
			productName = BGPopuView;
			productReference = 77BD68942165118800D4D6E6 /* BGPopuView.app */;
			productType = "com.apple.product-type.application";
		};
		77BD68AB2165118A00D4D6E6 /* BGPopuViewTests */ = {
			isa = PBXNativeTarget;
			buildConfigurationList = 77BD68C32165118A00D4D6E6 /* Build configuration list for PBXNativeTarget "BGPopuViewTests" */;
			buildPhases = (
				77BD68A82165118A00D4D6E6 /* Sources */,
				77BD68A92165118A00D4D6E6 /* Frameworks */,
				77BD68AA2165118A00D4D6E6 /* Resources */,
			);
			buildRules = (
			);
			dependencies = (
				77BD68AE2165118A00D4D6E6 /* PBXTargetDependency */,
			);
			name = BGPopuViewTests;
			productName = BGPopuViewTests;
			productReference = 77BD68AC2165118A00D4D6E6 /* BGPopuViewTests.xctest */;
			productType = "com.apple.product-type.bundle.unit-test";
		};
		77BD68B62165118A00D4D6E6 /* BGPopuViewUITests */ = {
			isa = PBXNativeTarget;
			buildConfigurationList = 77BD68C62165118A00D4D6E6 /* Build configuration list for PBXNativeTarget "BGPopuViewUITests" */;
			buildPhases = (
				77BD68B32165118A00D4D6E6 /* Sources */,
				77BD68B42165118A00D4D6E6 /* Frameworks */,
				77BD68B52165118A00D4D6E6 /* Resources */,
			);
			buildRules = (
			);
			dependencies = (
				77BD68B92165118A00D4D6E6 /* PBXTargetDependency */,
			);
			name = BGPopuViewUITests;
			productName = BGPopuViewUITests;
			productReference = 77BD68B72165118A00D4D6E6 /* BGPopuViewUITests.xctest */;
			productType = "com.apple.product-type.bundle.ui-testing";
		};
/* End PBXNativeTarget section */

/* Begin PBXProject section */
		77BD688C2165118800D4D6E6 /* Project object */ = {
			isa = PBXProject;
			attributes = {
				LastUpgradeCheck = 0940;
				ORGANIZATIONNAME = Binge;
				TargetAttributes = {
					77BD68932165118800D4D6E6 = {
						CreatedOnToolsVersion = 9.4.1;
					};
					77BD68AB2165118A00D4D6E6 = {
						CreatedOnToolsVersion = 9.4.1;
						TestTargetID = 77BD68932165118800D4D6E6;
					};
					77BD68B62165118A00D4D6E6 = {
						CreatedOnToolsVersion = 9.4.1;
						TestTargetID = 77BD68932165118800D4D6E6;
					};
				};
			};
			buildConfigurationList = 77BD688F2165118800D4D6E6 /* Build configuration list for PBXProject "BGPopuView" */;
			compatibilityVersion = "Xcode 9.3";
			developmentRegion = en;
			hasScannedForEncodings = 0;
			knownRegions = (
				en,
				Base,
			);
			mainGroup = 77BD688B2165118800D4D6E6;
			productRefGroup = 77BD68952165118800D4D6E6 /* Products */;
			projectDirPath = "";
			projectRoot = "";
			targets = (
				77BD68932165118800D4D6E6 /* BGPopuView */,
				77BD68AB2165118A00D4D6E6 /* BGPopuViewTests */,
				77BD68B62165118A00D4D6E6 /* BGPopuViewUITests */,
			);
		};
/* End PBXProject section */

/* Begin PBXResourcesBuildPhase section */
		77BD68922165118800D4D6E6 /* Resources */ = {
			isa = PBXResourcesBuildPhase;
			buildActionMask = 2147483647;
			files = (
				77BD68A42165118A00D4D6E6 /* LaunchScreen.storyboard in Resources */,
				77BD68A12165118A00D4D6E6 /* Assets.xcassets in Resources */,
				77BD689F2165118800D4D6E6 /* Main.storyboard in Resources */,
			);
			runOnlyForDeploymentPostprocessing = 0;
		};
		77BD68AA2165118A00D4D6E6 /* Resources */ = {
			isa = PBXResourcesBuildPhase;
			buildActionMask = 2147483647;
			files = (
			);
			runOnlyForDeploymentPostprocessing = 0;
		};
		77BD68B52165118A00D4D6E6 /* Resources */ = {
			isa = PBXResourcesBuildPhase;
			buildActionMask = 2147483647;
			files = (
			);
			runOnlyForDeploymentPostprocessing = 0;
		};
/* End PBXResourcesBuildPhase section */

/* Begin PBXSourcesBuildPhase section */
		77BD68902165118800D4D6E6 /* Sources */ = {
			isa = PBXSourcesBuildPhase;
			buildActionMask = 2147483647;
			files = (
				77BD68CB2165139B00D4D6E6 /* BGPopupView.m in Sources */,
				77BD689C2165118800D4D6E6 /* ViewController.m in Sources */,
				77BD68A72165118A00D4D6E6 /* main.m in Sources */,
				77BD68992165118800D4D6E6 /* AppDelegate.m in Sources */,
			);
			runOnlyForDeploymentPostprocessing = 0;
		};
		77BD68A82165118A00D4D6E6 /* Sources */ = {
			isa = PBXSourcesBuildPhase;
			buildActionMask = 2147483647;
			files = (
				77BD68B12165118A00D4D6E6 /* BGPopuViewTests.m in Sources */,
			);
			runOnlyForDeploymentPostprocessing = 0;
		};
		77BD68B32165118A00D4D6E6 /* Sources */ = {
			isa = PBXSourcesBuildPhase;
			buildActionMask = 2147483647;
			files = (
				77BD68BC2165118A00D4D6E6 /* BGPopuViewUITests.m in Sources */,
			);
			runOnlyForDeploymentPostprocessing = 0;
		};
/* End PBXSourcesBuildPhase section */

/* Begin PBXTargetDependency section */
		77BD68AE2165118A00D4D6E6 /* PBXTargetDependency */ = {
			isa = PBXTargetDependency;
			target = 77BD68932165118800D4D6E6 /* BGPopuView */;
			targetProxy = 77BD68AD2165118A00D4D6E6 /* PBXContainerItemProxy */;
		};
		77BD68B92165118A00D4D6E6 /* PBXTargetDependency */ = {
			isa = PBXTargetDependency;
			target = 77BD68932165118800D4D6E6 /* BGPopuView */;
			targetProxy = 77BD68B82165118A00D4D6E6 /* PBXContainerItemProxy */;
		};
/* End PBXTargetDependency section */

/* Begin PBXVariantGroup section */
		77BD689D2165118800D4D6E6 /* Main.storyboard */ = {
			isa = PBXVariantGroup;
			children = (
				77BD689E2165118800D4D6E6 /* Base */,
			);
			name = Main.storyboard;
			sourceTree = "<group>";
		};
		77BD68A22165118A00D4D6E6 /* LaunchScreen.storyboard */ = {
			isa = PBXVariantGroup;
			children = (
				77BD68A32165118A00D4D6E6 /* Base */,
			);
			name = LaunchScreen.storyboard;
			sourceTree = "<group>";
		};
/* End PBXVariantGroup section */

/* Begin XCBuildConfiguration section */
		77BD68BE2165118A00D4D6E6 /* Debug */ = {
			isa = XCBuildConfiguration;
			buildSettings = {
				ALWAYS_SEARCH_USER_PATHS = NO;
				CLANG_ANALYZER_NONNULL = YES;
				CLANG_ANALYZER_NUMBER_OBJECT_CONVERSION = YES_AGGRESSIVE;
				CLANG_CXX_LANGUAGE_STANDARD = "gnu++14";
				CLANG_CXX_LIBRARY = "libc++";
				CLANG_ENABLE_MODULES = YES;
				CLANG_ENABLE_OBJC_ARC = YES;
				CLANG_ENABLE_OBJC_WEAK = YES;
				CLANG_WARN_BLOCK_CAPTURE_AUTORELEASING = YES;
				CLANG_WARN_BOOL_CONVERSION = YES;
				CLANG_WARN_COMMA = YES;
				CLANG_WARN_CONSTANT_CONVERSION = YES;
				CLANG_WARN_DEPRECATED_OBJC_IMPLEMENTATIONS = YES;
				CLANG_WARN_DIRECT_OBJC_ISA_USAGE = YES_ERROR;
				CLANG_WARN_DOCUMENTATION_COMMENTS = YES;
				CLANG_WARN_EMPTY_BODY = YES;
				CLANG_WARN_ENUM_CONVERSION = YES;
				CLANG_WARN_INFINITE_RECURSION = YES;
				CLANG_WARN_INT_CONVERSION = YES;
				CLANG_WARN_NON_LITERAL_NULL_CONVERSION = YES;
				CLANG_WARN_OBJC_IMPLICIT_RETAIN_SELF = YES;
				CLANG_WARN_OBJC_LITERAL_CONVERSION = YES;
				CLANG_WARN_OBJC_ROOT_CLASS = YES_ERROR;
				CLANG_WARN_RANGE_LOOP_ANALYSIS = YES;
				CLANG_WARN_STRICT_PROTOTYPES = YES;
				CLANG_WARN_SUSPICIOUS_MOVE = YES;
				CLANG_WARN_UNGUARDED_AVAILABILITY = YES_AGGRESSIVE;
				CLANG_WARN_UNREACHABLE_CODE = YES;
				CLANG_WARN__DUPLICATE_METHOD_MATCH = YES;
				CODE_SIGN_IDENTITY = "iPhone Developer";
				COPY_PHASE_STRIP = NO;
				DEBUG_INFORMATION_FORMAT = dwarf;
				ENABLE_STRICT_OBJC_MSGSEND = YES;
				ENABLE_TESTABILITY = YES;
				GCC_C_LANGUAGE_STANDARD = gnu11;
				GCC_DYNAMIC_NO_PIC = NO;
				GCC_NO_COMMON_BLOCKS = YES;
				GCC_OPTIMIZATION_LEVEL = 0;
				GCC_PREPROCESSOR_DEFINITIONS = (
					"DEBUG=1",
					"$(inherited)",
				);
				GCC_WARN_64_TO_32_BIT_CONVERSION = YES;
				GCC_WARN_ABOUT_RETURN_TYPE = YES_ERROR;
				GCC_WARN_UNDECLARED_SELECTOR = YES;
				GCC_WARN_UNINITIALIZED_AUTOS = YES_AGGRESSIVE;
				GCC_WARN_UNUSED_FUNCTION = YES;
				GCC_WARN_UNUSED_VARIABLE = YES;
				IPHONEOS_DEPLOYMENT_TARGET = 11.4;
				MTL_ENABLE_DEBUG_INFO = YES;
				ONLY_ACTIVE_ARCH = YES;
				SDKROOT = iphoneos;
			};
			name = Debug;
		};
		77BD68BF2165118A00D4D6E6 /* Release */ = {
			isa = XCBuildConfiguration;
			buildSettings = {
				ALWAYS_SEARCH_USER_PATHS = NO;
				CLANG_ANALYZER_NONNULL = YES;
				CLANG_ANALYZER_NUMBER_OBJECT_CONVERSION = YES_AGGRESSIVE;
				CLANG_CXX_LANGUAGE_STANDARD = "gnu++14";
				CLANG_CXX_LIBRARY = "libc++";
				CLANG_ENABLE_MODULES = YES;
				CLANG_ENABLE_OBJC_ARC = YES;
				CLANG_ENABLE_OBJC_WEAK = YES;
				CLANG_WARN_BLOCK_CAPTURE_AUTORELEASING = YES;
				CLANG_WARN_BOOL_CONVERSION = YES;
				CLANG_WARN_COMMA = YES;
				CLANG_WARN_CONSTANT_CONVERSION = YES;
				CLANG_WARN_DEPRECATED_OBJC_IMPLEMENTATIONS = YES;
				CLANG_WARN_DIRECT_OBJC_ISA_USAGE = YES_ERROR;
				CLANG_WARN_DOCUMENTATION_COMMENTS = YES;
				CLANG_WARN_EMPTY_BODY = YES;
				CLANG_WARN_ENUM_CONVERSION = YES;
				CLANG_WARN_INFINITE_RECURSION = YES;
				CLANG_WARN_INT_CONVERSION = YES;
				CLANG_WARN_NON_LITERAL_NULL_CONVERSION = YES;
				CLANG_WARN_OBJC_IMPLICIT_RETAIN_SELF = YES;
				CLANG_WARN_OBJC_LITERAL_CONVERSION = YES;
				CLANG_WARN_OBJC_ROOT_CLASS = YES_ERROR;
				CLANG_WARN_RANGE_LOOP_ANALYSIS = YES;
				CLANG_WARN_STRICT_PROTOTYPES = YES;
				CLANG_WARN_SUSPICIOUS_MOVE = YES;
				CLANG_WARN_UNGUARDED_AVAILABILITY = YES_AGGRESSIVE;
				CLANG_WARN_UNREACHABLE_CODE = YES;
				CLANG_WARN__DUPLICATE_METHOD_MATCH = YES;
				CODE_SIGN_IDENTITY = "iPhone Developer";
				COPY_PHASE_STRIP = NO;
				DEBUG_INFORMATION_FORMAT = "dwarf-with-dsym";
				ENABLE_NS_ASSERTIONS = NO;
				ENABLE_STRICT_OBJC_MSGSEND = YES;
				GCC_C_LANGUAGE_STANDARD = gnu11;
				GCC_NO_COMMON_BLOCKS = YES;
				GCC_WARN_64_TO_32_BIT_CONVERSION = YES;
				GCC_WARN_ABOUT_RETURN_TYPE = YES_ERROR;
				GCC_WARN_UNDECLARED_SELECTOR = YES;
				GCC_WARN_UNINITIALIZED_AUTOS = YES_AGGRESSIVE;
				GCC_WARN_UNUSED_FUNCTION = YES;
				GCC_WARN_UNUSED_VARIABLE = YES;
				IPHONEOS_DEPLOYMENT_TARGET = 11.4;
				MTL_ENABLE_DEBUG_INFO = NO;
				SDKROOT = iphoneos;
				VALIDATE_PRODUCT = YES;
			};
			name = Release;
		};
		77BD68C12165118A00D4D6E6 /* Debug */ = {
			isa = XCBuildConfiguration;
			buildSettings = {
				ASSETCATALOG_COMPILER_APPICON_NAME = AppIcon;
				CODE_SIGN_STYLE = Automatic;
				DEVELOPMENT_TEAM = 3F369RE58Z;
				INFOPLIST_FILE = BGPopuView/Info.plist;
				LD_RUNPATH_SEARCH_PATHS = (
					"$(inherited)",
					"@executable_path/Frameworks",
				);
				PRODUCT_BUNDLE_IDENTIFIER = com.BGPopuView;
				PRODUCT_NAME = "$(TARGET_NAME)";
				TARGETED_DEVICE_FAMILY = "1,2";
			};
			name = Debug;
		};
		77BD68C22165118A00D4D6E6 /* Release */ = {
			isa = XCBuildConfiguration;
			buildSettings = {
				ASSETCATALOG_COMPILER_APPICON_NAME = AppIcon;
				CODE_SIGN_STYLE = Automatic;
				DEVELOPMENT_TEAM = 3F369RE58Z;
				INFOPLIST_FILE = BGPopuView/Info.plist;
				LD_RUNPATH_SEARCH_PATHS = (
					"$(inherited)",
					"@executable_path/Frameworks",
				);
				PRODUCT_BUNDLE_IDENTIFIER = com.BGPopuView;
				PRODUCT_NAME = "$(TARGET_NAME)";
				TARGETED_DEVICE_FAMILY = "1,2";
			};
			name = Release;
		};
		77BD68C42165118A00D4D6E6 /* Debug */ = {
			isa = XCBuildConfiguration;
			buildSettings = {
				BUNDLE_LOADER = "$(TEST_HOST)";
				CODE_SIGN_STYLE = Automatic;
				DEVELOPMENT_TEAM = 3F369RE58Z;
				INFOPLIST_FILE = BGPopuViewTests/Info.plist;
				LD_RUNPATH_SEARCH_PATHS = (
					"$(inherited)",
					"@executable_path/Frameworks",
					"@loader_path/Frameworks",
				);
				PRODUCT_BUNDLE_IDENTIFIER = com.BGPopuViewTests;
				PRODUCT_NAME = "$(TARGET_NAME)";
				TARGETED_DEVICE_FAMILY = "1,2";
				TEST_HOST = "$(BUILT_PRODUCTS_DIR)/BGPopuView.app/BGPopuView";
			};
			name = Debug;
		};
		77BD68C52165118A00D4D6E6 /* Release */ = {
			isa = XCBuildConfiguration;
			buildSettings = {
				BUNDLE_LOADER = "$(TEST_HOST)";
				CODE_SIGN_STYLE = Automatic;
				DEVELOPMENT_TEAM = 3F369RE58Z;
				INFOPLIST_FILE = BGPopuViewTests/Info.plist;
				LD_RUNPATH_SEARCH_PATHS = (
					"$(inherited)",
					"@executable_path/Frameworks",
					"@loader_path/Frameworks",
				);
				PRODUCT_BUNDLE_IDENTIFIER = com.BGPopuViewTests;
				PRODUCT_NAME = "$(TARGET_NAME)";
				TARGETED_DEVICE_FAMILY = "1,2";
				TEST_HOST = "$(BUILT_PRODUCTS_DIR)/BGPopuView.app/BGPopuView";
			};
			name = Release;
		};
		77BD68C72165118A00D4D6E6 /* Debug */ = {
			isa = XCBuildConfiguration;
			buildSettings = {
				CODE_SIGN_STYLE = Automatic;
				DEVELOPMENT_TEAM = 3F369RE58Z;
				INFOPLIST_FILE = BGPopuViewUITests/Info.plist;
				LD_RUNPATH_SEARCH_PATHS = (
					"$(inherited)",
					"@executable_path/Frameworks",
					"@loader_path/Frameworks",
				);
				PRODUCT_BUNDLE_IDENTIFIER = com.BGPopuViewUITests;
				PRODUCT_NAME = "$(TARGET_NAME)";
				TARGETED_DEVICE_FAMILY = "1,2";
				TEST_TARGET_NAME = BGPopuView;
			};
			name = Debug;
		};
		77BD68C82165118A00D4D6E6 /* Release */ = {
			isa = XCBuildConfiguration;
			buildSettings = {
				CODE_SIGN_STYLE = Automatic;
				DEVELOPMENT_TEAM = 3F369RE58Z;
				INFOPLIST_FILE = BGPopuViewUITests/Info.plist;
				LD_RUNPATH_SEARCH_PATHS = (
					"$(inherited)",
					"@executable_path/Frameworks",
					"@loader_path/Frameworks",
				);
				PRODUCT_BUNDLE_IDENTIFIER = com.BGPopuViewUITests;
				PRODUCT_NAME = "$(TARGET_NAME)";
				TARGETED_DEVICE_FAMILY = "1,2";
				TEST_TARGET_NAME = BGPopuView;
			};
			name = Release;
		};
/* End XCBuildConfiguration section */

/* Begin XCConfigurationList section */
		77BD688F2165118800D4D6E6 /* Build configuration list for PBXProject "BGPopuView" */ = {
			isa = XCConfigurationList;
			buildConfigurations = (
				77BD68BE2165118A00D4D6E6 /* Debug */,
				77BD68BF2165118A00D4D6E6 /* Release */,
			);
			defaultConfigurationIsVisible = 0;
			defaultConfigurationName = Release;
		};
		77BD68C02165118A00D4D6E6 /* Build configuration list for PBXNativeTarget "BGPopuView" */ = {
			isa = XCConfigurationList;
			buildConfigurations = (
				77BD68C12165118A00D4D6E6 /* Debug */,
				77BD68C22165118A00D4D6E6 /* Release */,
			);
			defaultConfigurationIsVisible = 0;
			defaultConfigurationName = Release;
		};
		77BD68C32165118A00D4D6E6 /* Build configuration list for PBXNativeTarget "BGPopuViewTests" */ = {
			isa = XCConfigurationList;
			buildConfigurations = (
				77BD68C42165118A00D4D6E6 /* Debug */,
				77BD68C52165118A00D4D6E6 /* Release */,
			);
			defaultConfigurationIsVisible = 0;
			defaultConfigurationName = Release;
		};
		77BD68C62165118A00D4D6E6 /* Build configuration list for PBXNativeTarget "BGPopuViewUITests" */ = {
			isa = XCConfigurationList;
			buildConfigurations = (
				77BD68C72165118A00D4D6E6 /* Debug */,
				77BD68C82165118A00D4D6E6 /* Release */,
			);
			defaultConfigurationIsVisible = 0;
			defaultConfigurationName = Release;
		};
/* End XCConfigurationList section */
	};
	rootObject = 77BD688C2165118800D4D6E6 /* Project object */;
}
